// !$*UTF8*$!
{
	archiveVersion = 1;
	classes = {
	};
	objectVersion = 55;
	objects = {

/* Begin PBXBuildFile section */
		2115D714120541E4044F9E6A /* Pods_Weather.framework in Frameworks */ = {isa = PBXBuildFile; fileRef = 2883A0B9FD96414FD69DB9AD /* Pods_Weather.framework */; };
		D045BAD428A6FB43000004A7 /* DateExtension.swift in Sources */ = {isa = PBXBuildFile; fileRef = D045BAD328A6FB43000004A7 /* DateExtension.swift */; };
		D045BAD628A6FC03000004A7 /* StringExtension.swift in Sources */ = {isa = PBXBuildFile; fileRef = D045BAD528A6FC03000004A7 /* StringExtension.swift */; };
		D045BAD828A70462000004A7 /* DoubleExtension.swift in Sources */ = {isa = PBXBuildFile; fileRef = D045BAD728A70462000004A7 /* DoubleExtension.swift */; };
		D0663C5328A5744C00C88A81 /* AppDelegate.swift in Sources */ = {isa = PBXBuildFile; fileRef = D0663C5228A5744C00C88A81 /* AppDelegate.swift */; };
		D0663C5528A5744C00C88A81 /* SceneDelegate.swift in Sources */ = {isa = PBXBuildFile; fileRef = D0663C5428A5744C00C88A81 /* SceneDelegate.swift */; };
		D0663C5728A5744C00C88A81 /* WeatherViewController.swift in Sources */ = {isa = PBXBuildFile; fileRef = D0663C5628A5744C00C88A81 /* WeatherViewController.swift */; };
		D0663C5A28A5744C00C88A81 /* Main.storyboard in Resources */ = {isa = PBXBuildFile; fileRef = D0663C5828A5744C00C88A81 /* Main.storyboard */; };
		D0663C5C28A5745000C88A81 /* Assets.xcassets in Resources */ = {isa = PBXBuildFile; fileRef = D0663C5B28A5745000C88A81 /* Assets.xcassets */; };
		D0663C5F28A5745000C88A81 /* LaunchScreen.storyboard in Resources */ = {isa = PBXBuildFile; fileRef = D0663C5D28A5745000C88A81 /* LaunchScreen.storyboard */; };
		D0663C9928A57C0800C88A81 /* Podfile in Resources */ = {isa = PBXBuildFile; fileRef = D0663C9828A57C0800C88A81 /* Podfile */; };
		D0663C9B28A57CF200C88A81 /* WeatherViewModel.swift in Sources */ = {isa = PBXBuildFile; fileRef = D0663C9A28A57CF200C88A81 /* WeatherViewModel.swift */; };
		D0663C9E28A57DA100C88A81 /* Generic.swift in Sources */ = {isa = PBXBuildFile; fileRef = D0663C9D28A57DA100C88A81 /* Generic.swift */; };
		D0663CA128A5803700C88A81 /* NetworkManager.swift in Sources */ = {isa = PBXBuildFile; fileRef = D0663CA028A5803700C88A81 /* NetworkManager.swift */; };
		D0663CA328A586CB00C88A81 /* ViewControllerBinder.swift in Sources */ = {isa = PBXBuildFile; fileRef = D0663CA228A586CB00C88A81 /* ViewControllerBinder.swift */; };
		D0663CA728A58D4A00C88A81 /* CustomTableViewCell.swift in Sources */ = {isa = PBXBuildFile; fileRef = D0663CA528A58D4A00C88A81 /* CustomTableViewCell.swift */; };
		D0663CA828A58D4A00C88A81 /* CustomTableViewCell.xib in Resources */ = {isa = PBXBuildFile; fileRef = D0663CA628A58D4A00C88A81 /* CustomTableViewCell.xib */; };
		D0663CAF28A596A900C88A81 /* HeaderTableView.xib in Resources */ = {isa = PBXBuildFile; fileRef = D0663CAE28A596A900C88A81 /* HeaderTableView.xib */; };
		D0663CB128A598C300C88A81 /* HeaderTableView.swift in Sources */ = {isa = PBXBuildFile; fileRef = D0663CB028A598C300C88A81 /* HeaderTableView.swift */; };
		D0663CB428A59AC300C88A81 /* CustomCollectionViewCell.swift in Sources */ = {isa = PBXBuildFile; fileRef = D0663CB228A59AC300C88A81 /* CustomCollectionViewCell.swift */; };
		D0663CB528A59AC300C88A81 /* CustomCollectionViewCell.xib in Resources */ = {isa = PBXBuildFile; fileRef = D0663CB328A59AC300C88A81 /* CustomCollectionViewCell.xib */; };
		D0663CB828A59BA400C88A81 /* ExtensionUIColor.swift in Sources */ = {isa = PBXBuildFile; fileRef = D0663CB728A59BA400C88A81 /* ExtensionUIColor.swift */; };
		D0663CBA28A59BDE00C88A81 /* ExtensionUIView.swift in Sources */ = {isa = PBXBuildFile; fileRef = D0663CB928A59BDE00C88A81 /* ExtensionUIView.swift */; };
		D0663CBC28A59D9600C88A81 /* HeaderViewModel.swift in Sources */ = {isa = PBXBuildFile; fileRef = D0663CBB28A59D9600C88A81 /* HeaderViewModel.swift */; };
		D06BB54728A818310069B597 /* CurrentWeatherForecast.swift in Sources */ = {isa = PBXBuildFile; fileRef = D06BB54628A818310069B597 /* CurrentWeatherForecast.swift */; };
		D06BB54D28A920B70069B597 /* SearchViewController.swift in Sources */ = {isa = PBXBuildFile; fileRef = D06BB54C28A920B70069B597 /* SearchViewController.swift */; };
		D06BB55228A92F110069B597 /* RoutingDelegate.swift in Sources */ = {isa = PBXBuildFile; fileRef = D06BB55128A92F110069B597 /* RoutingDelegate.swift */; };
		D06BB55528A983790069B597 /* SearchViewModel.swift in Sources */ = {isa = PBXBuildFile; fileRef = D06BB55428A983790069B597 /* SearchViewModel.swift */; };
		D0A4609628AF97C000238473 /* List.swift in Sources */ = {isa = PBXBuildFile; fileRef = D0A4608D28AF97BF00238473 /* List.swift */; };
		D0A4609728AF97C000238473 /* Coord.swift in Sources */ = {isa = PBXBuildFile; fileRef = D0A4608E28AF97BF00238473 /* Coord.swift */; };
		D0A4609828AF97C000238473 /* City.swift in Sources */ = {isa = PBXBuildFile; fileRef = D0A4608F28AF97BF00238473 /* City.swift */; };
		D0A4609928AF97C000238473 /* Weather.swift in Sources */ = {isa = PBXBuildFile; fileRef = D0A4609028AF97BF00238473 /* Weather.swift */; };
		D0A4609A28AF97C000238473 /* Wind.swift in Sources */ = {isa = PBXBuildFile; fileRef = D0A4609128AF97BF00238473 /* Wind.swift */; };
		D0A4609B28AF97C000238473 /* Sys.swift in Sources */ = {isa = PBXBuildFile; fileRef = D0A4609228AF97C000238473 /* Sys.swift */; };
		D0A4609C28AF97C000238473 /* Main.swift in Sources */ = {isa = PBXBuildFile; fileRef = D0A4609328AF97C000238473 /* Main.swift */; };
		D0A4609D28AF97C000238473 /* Clouds.swift in Sources */ = {isa = PBXBuildFile; fileRef = D0A4609428AF97C000238473 /* Clouds.swift */; };
		D0A4609E28AF97C000238473 /* WeatherForecast.swift in Sources */ = {isa = PBXBuildFile; fileRef = D0A4609528AF97C000238473 /* WeatherForecast.swift */; };
		D0A460A128AF993B00238473 /* Rain.swift in Sources */ = {isa = PBXBuildFile; fileRef = D0A460A028AF993B00238473 /* Rain.swift */; };
/* End PBXBuildFile section */

/* Begin PBXFileReference section */
		2883A0B9FD96414FD69DB9AD /* Pods_Weather.framework */ = {isa = PBXFileReference; explicitFileType = wrapper.framework; includeInIndex = 0; path = Pods_Weather.framework; sourceTree = BUILT_PRODUCTS_DIR; };
		52EDC3302176E9590F06EEE3 /* Pods-Weather.debug.xcconfig */ = {isa = PBXFileReference; includeInIndex = 1; lastKnownFileType = text.xcconfig; name = "Pods-Weather.debug.xcconfig"; path = "Target Support Files/Pods-Weather/Pods-Weather.debug.xcconfig"; sourceTree = "<group>"; };
		74686F0E05300253A911C0D3 /* Pods-Weather.release.xcconfig */ = {isa = PBXFileReference; includeInIndex = 1; lastKnownFileType = text.xcconfig; name = "Pods-Weather.release.xcconfig"; path = "Target Support Files/Pods-Weather/Pods-Weather.release.xcconfig"; sourceTree = "<group>"; };
		D045BAD328A6FB43000004A7 /* DateExtension.swift */ = {isa = PBXFileReference; lastKnownFileType = sourcecode.swift; path = DateExtension.swift; sourceTree = "<group>"; };
		D045BAD528A6FC03000004A7 /* StringExtension.swift */ = {isa = PBXFileReference; lastKnownFileType = sourcecode.swift; path = StringExtension.swift; sourceTree = "<group>"; };
		D045BAD728A70462000004A7 /* DoubleExtension.swift */ = {isa = PBXFileReference; lastKnownFileType = sourcecode.swift; path = DoubleExtension.swift; sourceTree = "<group>"; };
		D0663C4F28A5744C00C88A81 /* Weather.app */ = {isa = PBXFileReference; explicitFileType = wrapper.application; includeInIndex = 0; path = Weather.app; sourceTree = BUILT_PRODUCTS_DIR; };
		D0663C5228A5744C00C88A81 /* AppDelegate.swift */ = {isa = PBXFileReference; lastKnownFileType = sourcecode.swift; path = AppDelegate.swift; sourceTree = "<group>"; };
		D0663C5428A5744C00C88A81 /* SceneDelegate.swift */ = {isa = PBXFileReference; lastKnownFileType = sourcecode.swift; path = SceneDelegate.swift; sourceTree = "<group>"; };
		D0663C5628A5744C00C88A81 /* WeatherViewController.swift */ = {isa = PBXFileReference; lastKnownFileType = sourcecode.swift; path = WeatherViewController.swift; sourceTree = "<group>"; };
		D0663C5928A5744C00C88A81 /* Base */ = {isa = PBXFileReference; lastKnownFileType = file.storyboard; name = Base; path = Base.lproj/Main.storyboard; sourceTree = "<group>"; };
		D0663C5B28A5745000C88A81 /* Assets.xcassets */ = {isa = PBXFileReference; lastKnownFileType = folder.assetcatalog; path = Assets.xcassets; sourceTree = "<group>"; };
		D0663C5E28A5745000C88A81 /* Base */ = {isa = PBXFileReference; lastKnownFileType = file.storyboard; name = Base; path = Base.lproj/LaunchScreen.storyboard; sourceTree = "<group>"; };
		D0663C6028A5745000C88A81 /* Info.plist */ = {isa = PBXFileReference; lastKnownFileType = text.plist.xml; path = Info.plist; sourceTree = "<group>"; };
		D0663C9828A57C0800C88A81 /* Podfile */ = {isa = PBXFileReference; fileEncoding = 4; lastKnownFileType = text; path = Podfile; sourceTree = SOURCE_ROOT; xcLanguageSpecificationIdentifier = xcode.lang.ruby; };
		D0663C9A28A57CF200C88A81 /* WeatherViewModel.swift */ = {isa = PBXFileReference; lastKnownFileType = sourcecode.swift; path = WeatherViewModel.swift; sourceTree = "<group>"; };
		D0663C9D28A57DA100C88A81 /* Generic.swift */ = {isa = PBXFileReference; lastKnownFileType = sourcecode.swift; path = Generic.swift; sourceTree = "<group>"; };
		D0663CA028A5803700C88A81 /* NetworkManager.swift */ = {isa = PBXFileReference; lastKnownFileType = sourcecode.swift; path = NetworkManager.swift; sourceTree = "<group>"; };
		D0663CA228A586CB00C88A81 /* ViewControllerBinder.swift */ = {isa = PBXFileReference; lastKnownFileType = sourcecode.swift; path = ViewControllerBinder.swift; sourceTree = "<group>"; };
		D0663CA528A58D4A00C88A81 /* CustomTableViewCell.swift */ = {isa = PBXFileReference; lastKnownFileType = sourcecode.swift; path = CustomTableViewCell.swift; sourceTree = "<group>"; };
		D0663CA628A58D4A00C88A81 /* CustomTableViewCell.xib */ = {isa = PBXFileReference; lastKnownFileType = file.xib; path = CustomTableViewCell.xib; sourceTree = "<group>"; };
		D0663CAE28A596A900C88A81 /* HeaderTableView.xib */ = {isa = PBXFileReference; lastKnownFileType = file.xib; path = HeaderTableView.xib; sourceTree = "<group>"; };
		D0663CB028A598C300C88A81 /* HeaderTableView.swift */ = {isa = PBXFileReference; lastKnownFileType = sourcecode.swift; path = HeaderTableView.swift; sourceTree = "<group>"; };
		D0663CB228A59AC300C88A81 /* CustomCollectionViewCell.swift */ = {isa = PBXFileReference; lastKnownFileType = sourcecode.swift; path = CustomCollectionViewCell.swift; sourceTree = "<group>"; };
		D0663CB328A59AC300C88A81 /* CustomCollectionViewCell.xib */ = {isa = PBXFileReference; lastKnownFileType = file.xib; path = CustomCollectionViewCell.xib; sourceTree = "<group>"; };
		D0663CB728A59BA400C88A81 /* ExtensionUIColor.swift */ = {isa = PBXFileReference; lastKnownFileType = sourcecode.swift; path = ExtensionUIColor.swift; sourceTree = "<group>"; };
		D0663CB928A59BDE00C88A81 /* ExtensionUIView.swift */ = {isa = PBXFileReference; lastKnownFileType = sourcecode.swift; path = ExtensionUIView.swift; sourceTree = "<group>"; };
		D0663CBB28A59D9600C88A81 /* HeaderViewModel.swift */ = {isa = PBXFileReference; lastKnownFileType = sourcecode.swift; path = HeaderViewModel.swift; sourceTree = "<group>"; };
		D06BB54628A818310069B597 /* CurrentWeatherForecast.swift */ = {isa = PBXFileReference; lastKnownFileType = sourcecode.swift; path = CurrentWeatherForecast.swift; sourceTree = "<group>"; };
		D06BB54C28A920B70069B597 /* SearchViewController.swift */ = {isa = PBXFileReference; lastKnownFileType = sourcecode.swift; path = SearchViewController.swift; sourceTree = "<group>"; };
		D06BB55128A92F110069B597 /* RoutingDelegate.swift */ = {isa = PBXFileReference; lastKnownFileType = sourcecode.swift; path = RoutingDelegate.swift; sourceTree = "<group>"; };
		D06BB55428A983790069B597 /* SearchViewModel.swift */ = {isa = PBXFileReference; lastKnownFileType = sourcecode.swift; path = SearchViewModel.swift; sourceTree = "<group>"; };
		D0A4608D28AF97BF00238473 /* List.swift */ = {isa = PBXFileReference; fileEncoding = 4; lastKnownFileType = sourcecode.swift; path = List.swift; sourceTree = "<group>"; };
		D0A4608E28AF97BF00238473 /* Coord.swift */ = {isa = PBXFileReference; fileEncoding = 4; lastKnownFileType = sourcecode.swift; path = Coord.swift; sourceTree = "<group>"; };
		D0A4608F28AF97BF00238473 /* City.swift */ = {isa = PBXFileReference; fileEncoding = 4; lastKnownFileType = sourcecode.swift; path = City.swift; sourceTree = "<group>"; };
		D0A4609028AF97BF00238473 /* Weather.swift */ = {isa = PBXFileReference; fileEncoding = 4; lastKnownFileType = sourcecode.swift; path = Weather.swift; sourceTree = "<group>"; };
		D0A4609128AF97BF00238473 /* Wind.swift */ = {isa = PBXFileReference; fileEncoding = 4; lastKnownFileType = sourcecode.swift; path = Wind.swift; sourceTree = "<group>"; };
		D0A4609228AF97C000238473 /* Sys.swift */ = {isa = PBXFileReference; fileEncoding = 4; lastKnownFileType = sourcecode.swift; path = Sys.swift; sourceTree = "<group>"; };
		D0A4609328AF97C000238473 /* Main.swift */ = {isa = PBXFileReference; fileEncoding = 4; lastKnownFileType = sourcecode.swift; path = Main.swift; sourceTree = "<group>"; };
		D0A4609428AF97C000238473 /* Clouds.swift */ = {isa = PBXFileReference; fileEncoding = 4; lastKnownFileType = sourcecode.swift; path = Clouds.swift; sourceTree = "<group>"; };
		D0A4609528AF97C000238473 /* WeatherForecast.swift */ = {isa = PBXFileReference; fileEncoding = 4; lastKnownFileType = sourcecode.swift; path = WeatherForecast.swift; sourceTree = "<group>"; };
		D0A460A028AF993B00238473 /* Rain.swift */ = {isa = PBXFileReference; lastKnownFileType = sourcecode.swift; path = Rain.swift; sourceTree = "<group>"; };
/* End PBXFileReference section */

/* Begin PBXFrameworksBuildPhase section */
		D0663C4C28A5744C00C88A81 /* Frameworks */ = {
			isa = PBXFrameworksBuildPhase;
			buildActionMask = 2147483647;
			files = (
				2115D714120541E4044F9E6A /* Pods_Weather.framework in Frameworks */,
			);
			runOnlyForDeploymentPostprocessing = 0;
		};
/* End PBXFrameworksBuildPhase section */

/* Begin PBXGroup section */
		26095657122F09DD989C8B8C /* Pods */ = {
			isa = PBXGroup;
			children = (
				52EDC3302176E9590F06EEE3 /* Pods-Weather.debug.xcconfig */,
				74686F0E05300253A911C0D3 /* Pods-Weather.release.xcconfig */,
			);
			path = Pods;
			sourceTree = "<group>";
		};
		C7E1D778A7C94299340C342E /* Frameworks */ = {
			isa = PBXGroup;
			children = (
				2883A0B9FD96414FD69DB9AD /* Pods_Weather.framework */,
			);
			name = Frameworks;
			sourceTree = "<group>";
		};
		D0663C4628A5744C00C88A81 = {
			isa = PBXGroup;
			children = (
				D0663C5128A5744C00C88A81 /* Weather */,
				D0663C9828A57C0800C88A81 /* Podfile */,
				D0663C5028A5744C00C88A81 /* Products */,
				26095657122F09DD989C8B8C /* Pods */,
				C7E1D778A7C94299340C342E /* Frameworks */,
			);
			sourceTree = "<group>";
		};
		D0663C5028A5744C00C88A81 /* Products */ = {
			isa = PBXGroup;
			children = (
				D0663C4F28A5744C00C88A81 /* Weather.app */,
			);
			name = Products;
			sourceTree = "<group>";
		};
		D0663C5128A5744C00C88A81 /* Weather */ = {
			isa = PBXGroup;
			children = (
				D06BB55828A996BA0069B597 /* Routing */,
				D0663CB628A59B9400C88A81 /* Extensions */,
				D0663C9C28A57D8900C88A81 /* Generic */,
				D06BB54A28A9207B0069B597 /* SearchViewController */,
				D0663CAA28A5962C00C88A81 /* CustomHeaderTableView */,
				D0663C6928A574DD00C88A81 /* WeatherViewController */,
				D0663C6628A5749500C88A81 /* Interface */,
				D0663C6828A574CA00C88A81 /* AppMain */,
				D0663C6728A574BC00C88A81 /* Resources */,
				D0663C9F28A5801C00C88A81 /* NetworkManager */,
			);
			path = Weather;
			sourceTree = "<group>";
		};
		D0663C6628A5749500C88A81 /* Interface */ = {
			isa = PBXGroup;
			children = (
				D0663CAE28A596A900C88A81 /* HeaderTableView.xib */,
				D0663C5828A5744C00C88A81 /* Main.storyboard */,
				D0663C5D28A5745000C88A81 /* LaunchScreen.storyboard */,
			);
			path = Interface;
			sourceTree = "<group>";
		};
		D0663C6728A574BC00C88A81 /* Resources */ = {
			isa = PBXGroup;
			children = (
				D0663C5B28A5745000C88A81 /* Assets.xcassets */,
				D0663C6028A5745000C88A81 /* Info.plist */,
			);
			path = Resources;
			sourceTree = "<group>";
		};
		D0663C6828A574CA00C88A81 /* AppMain */ = {
			isa = PBXGroup;
			children = (
				D0663C5228A5744C00C88A81 /* AppDelegate.swift */,
				D0663C5428A5744C00C88A81 /* SceneDelegate.swift */,
			);
			path = AppMain;
			sourceTree = "<group>";
		};
		D0663C6928A574DD00C88A81 /* WeatherViewController */ = {
			isa = PBXGroup;
			children = (
				D0663CA428A58D2700C88A81 /* CustomTableViewCell */,
				D0663C6D28A575DF00C88A81 /* WeatherViewController */,
				D0663C6C28A575D500C88A81 /* WeatherViewModel */,
				D0663C6B28A575C900C88A81 /* WeatherModel */,
			);
			path = WeatherViewController;
			sourceTree = "<group>";
		};
		D0663C6B28A575C900C88A81 /* WeatherModel */ = {
			isa = PBXGroup;
			children = (
				D06BB54628A818310069B597 /* CurrentWeatherForecast.swift */,
				D0A4608F28AF97BF00238473 /* City.swift */,
				D0A4609428AF97C000238473 /* Clouds.swift */,
				D0A4608E28AF97BF00238473 /* Coord.swift */,
				D0A4609528AF97C000238473 /* WeatherForecast.swift */,
				D0A4608D28AF97BF00238473 /* List.swift */,
				D0A4609328AF97C000238473 /* Main.swift */,
				D0A4609228AF97C000238473 /* Sys.swift */,
				D0A4609028AF97BF00238473 /* Weather.swift */,
				D0A4609128AF97BF00238473 /* Wind.swift */,
				D0A460A028AF993B00238473 /* Rain.swift */,
			);
			path = WeatherModel;
			sourceTree = "<group>";
		};
		D0663C6C28A575D500C88A81 /* WeatherViewModel */ = {
			isa = PBXGroup;
			children = (
				D0663C9A28A57CF200C88A81 /* WeatherViewModel.swift */,
			);
			path = WeatherViewModel;
			sourceTree = "<group>";
		};
		D0663C6D28A575DF00C88A81 /* WeatherViewController */ = {
			isa = PBXGroup;
			children = (
				D0663C5628A5744C00C88A81 /* WeatherViewController.swift */,
			);
			path = WeatherViewController;
			sourceTree = "<group>";
		};
		D0663C9C28A57D8900C88A81 /* Generic */ = {
			isa = PBXGroup;
			children = (
				D0663C9D28A57DA100C88A81 /* Generic.swift */,
				D0663CA228A586CB00C88A81 /* ViewControllerBinder.swift */,
			);
			path = Generic;
			sourceTree = "<group>";
		};
		D0663C9F28A5801C00C88A81 /* NetworkManager */ = {
			isa = PBXGroup;
			children = (
				D0663CA028A5803700C88A81 /* NetworkManager.swift */,
			);
			path = NetworkManager;
			sourceTree = "<group>";
		};
		D0663CA428A58D2700C88A81 /* CustomTableViewCell */ = {
			isa = PBXGroup;
			children = (
				D0663CA528A58D4A00C88A81 /* CustomTableViewCell.swift */,
				D0663CA628A58D4A00C88A81 /* CustomTableViewCell.xib */,
			);
			path = CustomTableViewCell;
			sourceTree = "<group>";
		};
		D0663CAA28A5962C00C88A81 /* CustomHeaderTableView */ = {
			isa = PBXGroup;
			children = (
				D0663CAD28A5965800C88A81 /* CustomCollectionViewCell */,
				D0663CAC28A5964700C88A81 /* HeaderTableView */,
				D0663CAB28A5963D00C88A81 /* HederTableViewModel */,
			);
			path = CustomHeaderTableView;
			sourceTree = "<group>";
		};
		D0663CAB28A5963D00C88A81 /* HederTableViewModel */ = {
			isa = PBXGroup;
			children = (
				D0663CBB28A59D9600C88A81 /* HeaderViewModel.swift */,
			);
			path = HederTableViewModel;
			sourceTree = "<group>";
		};
		D0663CAC28A5964700C88A81 /* HeaderTableView */ = {
			isa = PBXGroup;
			children = (
				D0663CB028A598C300C88A81 /* HeaderTableView.swift */,
			);
			path = HeaderTableView;
			sourceTree = "<group>";
		};
		D0663CAD28A5965800C88A81 /* CustomCollectionViewCell */ = {
			isa = PBXGroup;
			children = (
				D0663CB228A59AC300C88A81 /* CustomCollectionViewCell.swift */,
				D0663CB328A59AC300C88A81 /* CustomCollectionViewCell.xib */,
			);
			path = CustomCollectionViewCell;
			sourceTree = "<group>";
		};
		D0663CB628A59B9400C88A81 /* Extensions */ = {
			isa = PBXGroup;
			children = (
				D0663CB928A59BDE00C88A81 /* ExtensionUIView.swift */,
				D0663CB728A59BA400C88A81 /* ExtensionUIColor.swift */,
				D045BAD328A6FB43000004A7 /* DateExtension.swift */,
				D045BAD528A6FC03000004A7 /* StringExtension.swift */,
				D045BAD728A70462000004A7 /* DoubleExtension.swift */,
			);
			path = Extensions;
			sourceTree = "<group>";
		};
		D06BB54A28A9207B0069B597 /* SearchViewController */ = {
			isa = PBXGroup;
			children = (
				D06BB55328A9835E0069B597 /* SearchViewModel */,
				D06BB54B28A920900069B597 /* SearchViewController */,
			);
			path = SearchViewController;
			sourceTree = "<group>";
		};
		D06BB54B28A920900069B597 /* SearchViewController */ = {
			isa = PBXGroup;
			children = (
				D06BB54C28A920B70069B597 /* SearchViewController.swift */,
			);
			path = SearchViewController;
			sourceTree = "<group>";
		};
		D06BB55328A9835E0069B597 /* SearchViewModel */ = {
			isa = PBXGroup;
			children = (
				D06BB55428A983790069B597 /* SearchViewModel.swift */,
			);
			path = SearchViewModel;
			sourceTree = "<group>";
		};
		D06BB55828A996BA0069B597 /* Routing */ = {
			isa = PBXGroup;
			children = (
				D06BB55128A92F110069B597 /* RoutingDelegate.swift */,
			);
			path = Routing;
			sourceTree = "<group>";
		};
/* End PBXGroup section */

/* Begin PBXNativeTarget section */
		D0663C4E28A5744C00C88A81 /* Weather */ = {
			isa = PBXNativeTarget;
			buildConfigurationList = D0663C6328A5745000C88A81 /* Build configuration list for PBXNativeTarget "Weather" */;
			buildPhases = (
				1A413C6F4995884D453D62BC /* [CP] Check Pods Manifest.lock */,
				D0663C4B28A5744C00C88A81 /* Sources */,
				D0663C4C28A5744C00C88A81 /* Frameworks */,
				D0663C4D28A5744C00C88A81 /* Resources */,
				A019CCADFB903EA16306510C /* [CP] Embed Pods Frameworks */,
			);
			buildRules = (
			);
			dependencies = (
			);
			name = Weather;
			productName = Weather;
			productReference = D0663C4F28A5744C00C88A81 /* Weather.app */;
			productType = "com.apple.product-type.application";
		};
/* End PBXNativeTarget section */

/* Begin PBXProject section */
		D0663C4728A5744C00C88A81 /* Project object */ = {
			isa = PBXProject;
			attributes = {
				BuildIndependentTargetsInParallel = 1;
				LastSwiftUpdateCheck = 1330;
				LastUpgradeCheck = 1330;
				TargetAttributes = {
					D0663C4E28A5744C00C88A81 = {
						CreatedOnToolsVersion = 13.3;
					};
				};
			};
			buildConfigurationList = D0663C4A28A5744C00C88A81 /* Build configuration list for PBXProject "Weather" */;
			compatibilityVersion = "Xcode 13.0";
			developmentRegion = en;
			hasScannedForEncodings = 0;
			knownRegions = (
				en,
				Base,
			);
			mainGroup = D0663C4628A5744C00C88A81;
			productRefGroup = D0663C5028A5744C00C88A81 /* Products */;
			projectDirPath = "";
			projectRoot = "";
			targets = (
				D0663C4E28A5744C00C88A81 /* Weather */,
			);
		};
/* End PBXProject section */

/* Begin PBXResourcesBuildPhase section */
		D0663C4D28A5744C00C88A81 /* Resources */ = {
			isa = PBXResourcesBuildPhase;
			buildActionMask = 2147483647;
			files = (
				D0663C5F28A5745000C88A81 /* LaunchScreen.storyboard in Resources */,
				D0663C5C28A5745000C88A81 /* Assets.xcassets in Resources */,
				D0663C9928A57C0800C88A81 /* Podfile in Resources */,
				D0663CA828A58D4A00C88A81 /* CustomTableViewCell.xib in Resources */,
				D0663CAF28A596A900C88A81 /* HeaderTableView.xib in Resources */,
				D0663C5A28A5744C00C88A81 /* Main.storyboard in Resources */,
				D0663CB528A59AC300C88A81 /* CustomCollectionViewCell.xib in Resources */,
			);
			runOnlyForDeploymentPostprocessing = 0;
		};
/* End PBXResourcesBuildPhase section */

/* Begin PBXShellScriptBuildPhase section */
		1A413C6F4995884D453D62BC /* [CP] Check Pods Manifest.lock */ = {
			isa = PBXShellScriptBuildPhase;
			buildActionMask = 2147483647;
			files = (
			);
			inputFileListPaths = (
			);
			inputPaths = (
				"${PODS_PODFILE_DIR_PATH}/Podfile.lock",
				"${PODS_ROOT}/Manifest.lock",
			);
			name = "[CP] Check Pods Manifest.lock";
			outputFileListPaths = (
			);
			outputPaths = (
				"$(DERIVED_FILE_DIR)/Pods-Weather-checkManifestLockResult.txt",
			);
			runOnlyForDeploymentPostprocessing = 0;
			shellPath = /bin/sh;
			shellScript = "diff \"${PODS_PODFILE_DIR_PATH}/Podfile.lock\" \"${PODS_ROOT}/Manifest.lock\" > /dev/null\nif [ $? != 0 ] ; then\n    # print error to STDERR\n    echo \"error: The sandbox is not in sync with the Podfile.lock. Run 'pod install' or update your CocoaPods installation.\" >&2\n    exit 1\nfi\n# This output is used by Xcode 'outputs' to avoid re-running this script phase.\necho \"SUCCESS\" > \"${SCRIPT_OUTPUT_FILE_0}\"\n";
			showEnvVarsInLog = 0;
		};
		A019CCADFB903EA16306510C /* [CP] Embed Pods Frameworks */ = {
			isa = PBXShellScriptBuildPhase;
			buildActionMask = 2147483647;
			files = (
			);
			inputFileListPaths = (
				"${PODS_ROOT}/Target Support Files/Pods-Weather/Pods-Weather-frameworks-${CONFIGURATION}-input-files.xcfilelist",
			);
			name = "[CP] Embed Pods Frameworks";
			outputFileListPaths = (
				"${PODS_ROOT}/Target Support Files/Pods-Weather/Pods-Weather-frameworks-${CONFIGURATION}-output-files.xcfilelist",
			);
			runOnlyForDeploymentPostprocessing = 0;
			shellPath = /bin/sh;
			shellScript = "\"${PODS_ROOT}/Target Support Files/Pods-Weather/Pods-Weather-frameworks.sh\"\n";
			showEnvVarsInLog = 0;
		};
/* End PBXShellScriptBuildPhase section */

/* Begin PBXSourcesBuildPhase section */
		D0663C4B28A5744C00C88A81 /* Sources */ = {
			isa = PBXSourcesBuildPhase;
			buildActionMask = 2147483647;
			files = (
				D0663CA728A58D4A00C88A81 /* CustomTableViewCell.swift in Sources */,
				D0663CBA28A59BDE00C88A81 /* ExtensionUIView.swift in Sources */,
				D045BAD828A70462000004A7 /* DoubleExtension.swift in Sources */,
				D0A460A128AF993B00238473 /* Rain.swift in Sources */,
				D0663C5728A5744C00C88A81 /* WeatherViewController.swift in Sources */,
				D06BB55228A92F110069B597 /* RoutingDelegate.swift in Sources */,
				D06BB55528A983790069B597 /* SearchViewModel.swift in Sources */,
				D0663CBC28A59D9600C88A81 /* HeaderViewModel.swift in Sources */,
				D0663C9B28A57CF200C88A81 /* WeatherViewModel.swift in Sources */,
				D0A4609C28AF97C000238473 /* Main.swift in Sources */,
				D0663CA128A5803700C88A81 /* NetworkManager.swift in Sources */,
				D0663C9E28A57DA100C88A81 /* Generic.swift in Sources */,
				D045BAD428A6FB43000004A7 /* DateExtension.swift in Sources */,
				D0A4609A28AF97C000238473 /* Wind.swift in Sources */,
				D0663CB428A59AC300C88A81 /* CustomCollectionViewCell.swift in Sources */,
				D0A4609E28AF97C000238473 /* WeatherForecast.swift in Sources */,
				D0A4609928AF97C000238473 /* Weather.swift in Sources */,
				D0663C5328A5744C00C88A81 /* AppDelegate.swift in Sources */,
				D0663CB128A598C300C88A81 /* HeaderTableView.swift in Sources */,
				D06BB54728A818310069B597 /* CurrentWeatherForecast.swift in Sources */,
				D06BB54D28A920B70069B597 /* SearchViewController.swift in Sources */,
				D045BAD628A6FC03000004A7 /* StringExtension.swift in Sources */,
				D0A4609D28AF97C000238473 /* Clouds.swift in Sources */,
				D0663C5528A5744C00C88A81 /* SceneDelegate.swift in Sources */,
				D0663CA328A586CB00C88A81 /* ViewControllerBinder.swift in Sources */,
				D0663CB828A59BA400C88A81 /* ExtensionUIColor.swift in Sources */,
				D0A4609828AF97C000238473 /* City.swift in Sources */,
				D0A4609728AF97C000238473 /* Coord.swift in Sources */,
				D0A4609628AF97C000238473 /* List.swift in Sources */,
				D0A4609B28AF97C000238473 /* Sys.swift in Sources */,
			);
			runOnlyForDeploymentPostprocessing = 0;
		};
/* End PBXSourcesBuildPhase section */

/* Begin PBXVariantGroup section */
		D0663C5828A5744C00C88A81 /* Main.storyboard */ = {
			isa = PBXVariantGroup;
			children = (
				D0663C5928A5744C00C88A81 /* Base */,
			);
			name = Main.storyboard;
			sourceTree = "<group>";
		};
		D0663C5D28A5745000C88A81 /* LaunchScreen.storyboard */ = {
			isa = PBXVariantGroup;
			children = (
				D0663C5E28A5745000C88A81 /* Base */,
			);
			name = LaunchScreen.storyboard;
			sourceTree = "<group>";
		};
/* End PBXVariantGroup section */

/* Begin XCBuildConfiguration section */
		D0663C6128A5745000C88A81 /* Debug */ = {
			isa = XCBuildConfiguration;
			buildSettings = {
				ALWAYS_SEARCH_USER_PATHS = NO;
				CLANG_ANALYZER_NONNULL = YES;
				CLANG_ANALYZER_NUMBER_OBJECT_CONVERSION = YES_AGGRESSIVE;
				CLANG_CXX_LANGUAGE_STANDARD = "gnu++17";
				CLANG_ENABLE_MODULES = YES;
				CLANG_ENABLE_OBJC_ARC = YES;
				CLANG_ENABLE_OBJC_WEAK = YES;
				CLANG_WARN_BLOCK_CAPTURE_AUTORELEASING = YES;
				CLANG_WARN_BOOL_CONVERSION = YES;
				CLANG_WARN_COMMA = YES;
				CLANG_WARN_CONSTANT_CONVERSION = YES;
				CLANG_WARN_DEPRECATED_OBJC_IMPLEMENTATIONS = YES;
				CLANG_WARN_DIRECT_OBJC_ISA_USAGE = YES_ERROR;
				CLANG_WARN_DOCUMENTATION_COMMENTS = YES;
				CLANG_WARN_EMPTY_BODY = YES;
				CLANG_WARN_ENUM_CONVERSION = YES;
				CLANG_WARN_INFINITE_RECURSION = YES;
				CLANG_WARN_INT_CONVERSION = YES;
				CLANG_WARN_NON_LITERAL_NULL_CONVERSION = YES;
				CLANG_WARN_OBJC_IMPLICIT_RETAIN_SELF = YES;
				CLANG_WARN_OBJC_LITERAL_CONVERSION = YES;
				CLANG_WARN_OBJC_ROOT_CLASS = YES_ERROR;
				CLANG_WARN_QUOTED_INCLUDE_IN_FRAMEWORK_HEADER = YES;
				CLANG_WARN_RANGE_LOOP_ANALYSIS = YES;
				CLANG_WARN_STRICT_PROTOTYPES = YES;
				CLANG_WARN_SUSPICIOUS_MOVE = YES;
				CLANG_WARN_UNGUARDED_AVAILABILITY = YES_AGGRESSIVE;
				CLANG_WARN_UNREACHABLE_CODE = YES;
				CLANG_WARN__DUPLICATE_METHOD_MATCH = YES;
				COPY_PHASE_STRIP = NO;
				DEBUG_INFORMATION_FORMAT = dwarf;
				ENABLE_STRICT_OBJC_MSGSEND = YES;
				ENABLE_TESTABILITY = YES;
				GCC_C_LANGUAGE_STANDARD = gnu11;
				GCC_DYNAMIC_NO_PIC = NO;
				GCC_NO_COMMON_BLOCKS = YES;
				GCC_OPTIMIZATION_LEVEL = 0;
				GCC_PREPROCESSOR_DEFINITIONS = (
					"DEBUG=1",
					"$(inherited)",
				);
				GCC_WARN_64_TO_32_BIT_CONVERSION = YES;
				GCC_WARN_ABOUT_RETURN_TYPE = YES_ERROR;
				GCC_WARN_UNDECLARED_SELECTOR = YES;
				GCC_WARN_UNINITIALIZED_AUTOS = YES_AGGRESSIVE;
				GCC_WARN_UNUSED_FUNCTION = YES;
				GCC_WARN_UNUSED_VARIABLE = YES;
				IPHONEOS_DEPLOYMENT_TARGET = 15.4;
				MTL_ENABLE_DEBUG_INFO = INCLUDE_SOURCE;
				MTL_FAST_MATH = YES;
				ONLY_ACTIVE_ARCH = YES;
				SDKROOT = iphoneos;
				SWIFT_ACTIVE_COMPILATION_CONDITIONS = DEBUG;
				SWIFT_OPTIMIZATION_LEVEL = "-Onone";
			};
			name = Debug;
		};
		D0663C6228A5745000C88A81 /* Release */ = {
			isa = XCBuildConfiguration;
			buildSettings = {
				ALWAYS_SEARCH_USER_PATHS = NO;
				CLANG_ANALYZER_NONNULL = YES;
				CLANG_ANALYZER_NUMBER_OBJECT_CONVERSION = YES_AGGRESSIVE;
				CLANG_CXX_LANGUAGE_STANDARD = "gnu++17";
				CLANG_ENABLE_MODULES = YES;
				CLANG_ENABLE_OBJC_ARC = YES;
				CLANG_ENABLE_OBJC_WEAK = YES;
				CLANG_WARN_BLOCK_CAPTURE_AUTORELEASING = YES;
				CLANG_WARN_BOOL_CONVERSION = YES;
				CLANG_WARN_COMMA = YES;
				CLANG_WARN_CONSTANT_CONVERSION = YES;
				CLANG_WARN_DEPRECATED_OBJC_IMPLEMENTATIONS = YES;
				CLANG_WARN_DIRECT_OBJC_ISA_USAGE = YES_ERROR;
				CLANG_WARN_DOCUMENTATION_COMMENTS = YES;
				CLANG_WARN_EMPTY_BODY = YES;
				CLANG_WARN_ENUM_CONVERSION = YES;
				CLANG_WARN_INFINITE_RECURSION = YES;
				CLANG_WARN_INT_CONVERSION = YES;
				CLANG_WARN_NON_LITERAL_NULL_CONVERSION = YES;
				CLANG_WARN_OBJC_IMPLICIT_RETAIN_SELF = YES;
				CLANG_WARN_OBJC_LITERAL_CONVERSION = YES;
				CLANG_WARN_OBJC_ROOT_CLASS = YES_ERROR;
				CLANG_WARN_QUOTED_INCLUDE_IN_FRAMEWORK_HEADER = YES;
				CLANG_WARN_RANGE_LOOP_ANALYSIS = YES;
				CLANG_WARN_STRICT_PROTOTYPES = YES;
				CLANG_WARN_SUSPICIOUS_MOVE = YES;
				CLANG_WARN_UNGUARDED_AVAILABILITY = YES_AGGRESSIVE;
				CLANG_WARN_UNREACHABLE_CODE = YES;
				CLANG_WARN__DUPLICATE_METHOD_MATCH = YES;
				COPY_PHASE_STRIP = NO;
				DEBUG_INFORMATION_FORMAT = "dwarf-with-dsym";
				ENABLE_NS_ASSERTIONS = NO;
				ENABLE_STRICT_OBJC_MSGSEND = YES;
				GCC_C_LANGUAGE_STANDARD = gnu11;
				GCC_NO_COMMON_BLOCKS = YES;
				GCC_WARN_64_TO_32_BIT_CONVERSION = YES;
				GCC_WARN_ABOUT_RETURN_TYPE = YES_ERROR;
				GCC_WARN_UNDECLARED_SELECTOR = YES;
				GCC_WARN_UNINITIALIZED_AUTOS = YES_AGGRESSIVE;
				GCC_WARN_UNUSED_FUNCTION = YES;
				GCC_WARN_UNUSED_VARIABLE = YES;
				IPHONEOS_DEPLOYMENT_TARGET = 15.4;
				MTL_ENABLE_DEBUG_INFO = NO;
				MTL_FAST_MATH = YES;
				SDKROOT = iphoneos;
				SWIFT_COMPILATION_MODE = wholemodule;
				SWIFT_OPTIMIZATION_LEVEL = "-O";
				VALIDATE_PRODUCT = YES;
			};
			name = Release;
		};
		D0663C6428A5745000C88A81 /* Debug */ = {
			isa = XCBuildConfiguration;
			baseConfigurationReference = 52EDC3302176E9590F06EEE3 /* Pods-Weather.debug.xcconfig */;
			buildSettings = {
				ASSETCATALOG_COMPILER_APPICON_NAME = AppIcon;
				ASSETCATALOG_COMPILER_GLOBAL_ACCENT_COLOR_NAME = AccentColor;
				CODE_SIGN_STYLE = Automatic;
				CURRENT_PROJECT_VERSION = 1;
				DEVELOPMENT_TEAM = 39FM4A9F4N;
				GENERATE_INFOPLIST_FILE = YES;
				INFOPLIST_FILE = Weather/Resources/Info.plist;
				INFOPLIST_KEY_UIApplicationSupportsIndirectInputEvents = YES;
				INFOPLIST_KEY_UILaunchStoryboardName = LaunchScreen;
				INFOPLIST_KEY_UIMainStoryboardFile = Main;
				INFOPLIST_KEY_UISupportedInterfaceOrientations_iPad = "UIInterfaceOrientationPortrait UIInterfaceOrientationPortraitUpsideDown UIInterfaceOrientationLandscapeLeft UIInterfaceOrientationLandscapeRight";
				INFOPLIST_KEY_UISupportedInterfaceOrientations_iPhone = "UIInterfaceOrientationPortrait UIInterfaceOrientationLandscapeLeft UIInterfaceOrientationLandscapeRight";
				LD_RUNPATH_SEARCH_PATHS = (
					"$(inherited)",
					"@executable_path/Frameworks",
				);
				MARKETING_VERSION = 1.0;
				PRODUCT_BUNDLE_IDENTIFIER = "bagan-pavel.Weather";
				PRODUCT_NAME = "$(TARGET_NAME)";
				SWIFT_EMIT_LOC_STRINGS = YES;
				SWIFT_VERSION = 5.0;
				TARGETED_DEVICE_FAMILY = "1,2";
			};
			name = Debug;
		};
		D0663C6528A5745000C88A81 /* Release */ = {
			isa = XCBuildConfiguration;
			baseConfigurationReference = 74686F0E05300253A911C0D3 /* Pods-Weather.release.xcconfig */;
			buildSettings = {
				ASSETCATALOG_COMPILER_APPICON_NAME = AppIcon;
				ASSETCATALOG_COMPILER_GLOBAL_ACCENT_COLOR_NAME = AccentColor;
				CODE_SIGN_STYLE = Automatic;
				CURRENT_PROJECT_VERSION = 1;
				DEVELOPMENT_TEAM = 39FM4A9F4N;
				GENERATE_INFOPLIST_FILE = YES;
				INFOPLIST_FILE = Weather/Resources/Info.plist;
				INFOPLIST_KEY_UIApplicationSupportsIndirectInputEvents = YES;
				INFOPLIST_KEY_UILaunchStoryboardName = LaunchScreen;
				INFOPLIST_KEY_UIMainStoryboardFile = Main;
				INFOPLIST_KEY_UISupportedInterfaceOrientations_iPad = "UIInterfaceOrientationPortrait UIInterfaceOrientationPortraitUpsideDown UIInterfaceOrientationLandscapeLeft UIInterfaceOrientationLandscapeRight";
				INFOPLIST_KEY_UISupportedInterfaceOrientations_iPhone = "UIInterfaceOrientationPortrait UIInterfaceOrientationLandscapeLeft UIInterfaceOrientationLandscapeRight";
				LD_RUNPATH_SEARCH_PATHS = (
					"$(inherited)",
					"@executable_path/Frameworks",
				);
				MARKETING_VERSION = 1.0;
				PRODUCT_BUNDLE_IDENTIFIER = "bagan-pavel.Weather";
				PRODUCT_NAME = "$(TARGET_NAME)";
				SWIFT_EMIT_LOC_STRINGS = YES;
				SWIFT_VERSION = 5.0;
				TARGETED_DEVICE_FAMILY = "1,2";
			};
			name = Release;
		};
/* End XCBuildConfiguration section */

/* Begin XCConfigurationList section */
		D0663C4A28A5744C00C88A81 /* Build configuration list for PBXProject "Weather" */ = {
			isa = XCConfigurationList;
			buildConfigurations = (
				D0663C6128A5745000C88A81 /* Debug */,
				D0663C6228A5745000C88A81 /* Release */,
			);
			defaultConfigurationIsVisible = 0;
			defaultConfigurationName = Release;
		};
		D0663C6328A5745000C88A81 /* Build configuration list for PBXNativeTarget "Weather" */ = {
			isa = XCConfigurationList;
			buildConfigurations = (
				D0663C6428A5745000C88A81 /* Debug */,
				D0663C6528A5745000C88A81 /* Release */,
			);
			defaultConfigurationIsVisible = 0;
			defaultConfigurationName = Release;
		};
/* End XCConfigurationList section */
	};
	rootObject = D0663C4728A5744C00C88A81 /* Project object */;
}
